
Microsoft Visual Studio Solution File, Format Version 12.00
# Visual Studio Version 17
VisualStudioVersion = 17.4.33213.308
MinimumVisualStudioVersion = 10.0.40219.1
Project("{FAE04EC0-301F-11D3-BF4B-00C04F79EFBC}") = "rc_tutors", "rc_tutors.csproj", "{FD2AB512-8C96-4297-B504-1E6CA7250645}"
EndProject
Global
	GlobalSection(SolutionConfigurationPlatforms) = preSolution
		Debug|Any CPU = Debug|Any CPU
		Release|Any CPU = Release|Any CPU
	EndGlobalSection
	GlobalSection(ProjectConfigurationPlatforms) = postSolution
		{FD2AB512-8C96-4297-B504-1E6CA7250645}.Debug|Any CPU.ActiveCfg = Debug|Any CPU
		{FD2AB512-8C96-4297-B504-1E6CA7250645}.Debug|Any CPU.Build.0 = Debug|Any CPU
		{FD2AB512-8C96-4297-B504-1E6CA7250645}.Release|Any CPU.ActiveCfg = Release|Any CPU
		{FD2AB512-8C96-4297-B504-1E6CA7250645}.Release|Any CPU.Build.0 = Release|Any CPU
	EndGlobalSection
	GlobalSection(SolutionProperties) = preSolution
		HideSolutionNode = FALSE
	EndGlobalSection
	GlobalSection(ExtensibilityGlobals) = postSolution
		SolutionGuid = {6828F9C6-B284-42E5-B52B-B25CC060B7D0}
	EndGlobalSection
EndGlobal
